// !$*UTF8*$!
{
	archiveVersion = 1;
	classes = {
	};
	objectVersion = 46;
	objects = {

/* Begin PBXBuildFile section */
		0EA3327D1E966B4A5D7D9800 /* Pods_LottieSampleTests.framework in Frameworks */ = {isa = PBXBuildFile; fileRef = 123EE1D568BF51B4D19A4F36 /* Pods_LottieSampleTests.framework */; };
		0EB852691F45C440008942C3 /* AppDelegate.swift in Sources */ = {isa = PBXBuildFile; fileRef = 0EB852681F45C440008942C3 /* AppDelegate.swift */; };
		0EB8526B1F45C440008942C3 /* ViewController.swift in Sources */ = {isa = PBXBuildFile; fileRef = 0EB8526A1F45C440008942C3 /* ViewController.swift */; };
		0EB8526E1F45C440008942C3 /* Main.storyboard in Resources */ = {isa = PBXBuildFile; fileRef = 0EB8526C1F45C440008942C3 /* Main.storyboard */; };
		0EB852701F45C440008942C3 /* Assets.xcassets in Resources */ = {isa = PBXBuildFile; fileRef = 0EB8526F1F45C440008942C3 /* Assets.xcassets */; };
		0EB852731F45C440008942C3 /* LaunchScreen.storyboard in Resources */ = {isa = PBXBuildFile; fileRef = 0EB852711F45C440008942C3 /* LaunchScreen.storyboard */; };
		0EB8527E1F45C440008942C3 /* LottieSampleTests.swift in Sources */ = {isa = PBXBuildFile; fileRef = 0EB8527D1F45C440008942C3 /* LottieSampleTests.swift */; };
		0EB8528A1F45C56F008942C3 /* Animation.json in Resources */ = {isa = PBXBuildFile; fileRef = 0EB852891F45C56F008942C3 /* Animation.json */; };
		92C264B31D7E4403D6224BDF /* Pods_LottieSample.framework in Frameworks */ = {isa = PBXBuildFile; fileRef = 26D54A43FEDA97C441C2D3E8 /* Pods_LottieSample.framework */; };
/* End PBXBuildFile section */

/* Begin PBXContainerItemProxy section */
		0EB8527A1F45C440008942C3 /* PBXContainerItemProxy */ = {
			isa = PBXContainerItemProxy;
			containerPortal = 0EB8525D1F45C440008942C3 /* Project object */;
			proxyType = 1;
			remoteGlobalIDString = 0EB852641F45C440008942C3;
			remoteInfo = LottieSample;
		};
/* End PBXContainerItemProxy section */

/* Begin PBXFileReference section */
		088D7590DC14BCA6D9420208 /* Pods-LottieSampleTests.debug.xcconfig */ = {isa = PBXFileReference; includeInIndex = 1; lastKnownFileType = text.xcconfig; name = "Pods-LottieSampleTests.debug.xcconfig"; path = "Pods/Target Support Files/Pods-LottieSampleTests/Pods-LottieSampleTests.debug.xcconfig"; sourceTree = "<group>"; };
		0EB852651F45C440008942C3 /* LottieSample.app */ = {isa = PBXFileReference; explicitFileType = wrapper.application; includeInIndex = 0; path = LottieSample.app; sourceTree = BUILT_PRODUCTS_DIR; };
		0EB852681F45C440008942C3 /* AppDelegate.swift */ = {isa = PBXFileReference; lastKnownFileType = sourcecode.swift; path = AppDelegate.swift; sourceTree = "<group>"; };
		0EB8526A1F45C440008942C3 /* ViewController.swift */ = {isa = PBXFileReference; lastKnownFileType = sourcecode.swift; path = ViewController.swift; sourceTree = "<group>"; };
		0EB8526D1F45C440008942C3 /* Base */ = {isa = PBXFileReference; lastKnownFileType = file.storyboard; name = Base; path = Base.lproj/Main.storyboard; sourceTree = "<group>"; };
		0EB8526F1F45C440008942C3 /* Assets.xcassets */ = {isa = PBXFileReference; lastKnownFileType = folder.assetcatalog; path = Assets.xcassets; sourceTree = "<group>"; };
		0EB852721F45C440008942C3 /* Base */ = {isa = PBXFileReference; lastKnownFileType = file.storyboard; name = Base; path = Base.lproj/LaunchScreen.storyboard; sourceTree = "<group>"; };
		0EB852741F45C440008942C3 /* Info.plist */ = {isa = PBXFileReference; lastKnownFileType = text.plist.xml; path = Info.plist; sourceTree = "<group>"; };
		0EB852791F45C440008942C3 /* LottieSampleTests.xctest */ = {isa = PBXFileReference; explicitFileType = wrapper.cfbundle; includeInIndex = 0; path = LottieSampleTests.xctest; sourceTree = BUILT_PRODUCTS_DIR; };
		0EB8527D1F45C440008942C3 /* LottieSampleTests.swift */ = {isa = PBXFileReference; lastKnownFileType = sourcecode.swift; path = LottieSampleTests.swift; sourceTree = "<group>"; };
		0EB8527F1F45C440008942C3 /* Info.plist */ = {isa = PBXFileReference; lastKnownFileType = text.plist.xml; path = Info.plist; sourceTree = "<group>"; };
		0EB852881F45C4D6008942C3 /* LottieSample-Bridging-Header.h */ = {isa = PBXFileReference; lastKnownFileType = sourcecode.c.h; path = "LottieSample-Bridging-Header.h"; sourceTree = "<group>"; };
		0EB852891F45C56F008942C3 /* Animation.json */ = {isa = PBXFileReference; fileEncoding = 4; lastKnownFileType = text.json; path = Animation.json; sourceTree = "<group>"; };
		123EE1D568BF51B4D19A4F36 /* Pods_LottieSampleTests.framework */ = {isa = PBXFileReference; explicitFileType = wrapper.framework; includeInIndex = 0; path = Pods_LottieSampleTests.framework; sourceTree = BUILT_PRODUCTS_DIR; };
		26D54A43FEDA97C441C2D3E8 /* Pods_LottieSample.framework */ = {isa = PBXFileReference; explicitFileType = wrapper.framework; includeInIndex = 0; path = Pods_LottieSample.framework; sourceTree = BUILT_PRODUCTS_DIR; };
		3ACAA6E4069650D75E558452 /* Pods-LottieSample.debug.xcconfig */ = {isa = PBXFileReference; includeInIndex = 1; lastKnownFileType = text.xcconfig; name = "Pods-LottieSample.debug.xcconfig"; path = "Pods/Target Support Files/Pods-LottieSample/Pods-LottieSample.debug.xcconfig"; sourceTree = "<group>"; };
		B92BFD4B6420D8880D1E2DD1 /* Pods-LottieSample.release.xcconfig */ = {isa = PBXFileReference; includeInIndex = 1; lastKnownFileType = text.xcconfig; name = "Pods-LottieSample.release.xcconfig"; path = "Pods/Target Support Files/Pods-LottieSample/Pods-LottieSample.release.xcconfig"; sourceTree = "<group>"; };
		D8562E82CBF744FB0BDAB3A9 /* Pods-LottieSampleTests.release.xcconfig */ = {isa = PBXFileReference; includeInIndex = 1; lastKnownFileType = text.xcconfig; name = "Pods-LottieSampleTests.release.xcconfig"; path = "Pods/Target Support Files/Pods-LottieSampleTests/Pods-LottieSampleTests.release.xcconfig"; sourceTree = "<group>"; };
/* End PBXFileReference section */

/* Begin PBXFrameworksBuildPhase section */
		0EB852621F45C440008942C3 /* Frameworks */ = {
			isa = PBXFrameworksBuildPhase;
			buildActionMask = 2147483647;
			files = (
				92C264B31D7E4403D6224BDF /* Pods_LottieSample.framework in Frameworks */,
			);
			runOnlyForDeploymentPostprocessing = 0;
		};
		0EB852761F45C440008942C3 /* Frameworks */ = {
			isa = PBXFrameworksBuildPhase;
			buildActionMask = 2147483647;
			files = (
				0EA3327D1E966B4A5D7D9800 /* Pods_LottieSampleTests.framework in Frameworks */,
			);
			runOnlyForDeploymentPostprocessing = 0;
		};
/* End PBXFrameworksBuildPhase section */

/* Begin PBXGroup section */
		0EB8525C1F45C440008942C3 = {
			isa = PBXGroup;
			children = (
				0EB852671F45C440008942C3 /* LottieSample */,
				0EB8527C1F45C440008942C3 /* LottieSampleTests */,
				0EB852661F45C440008942C3 /* Products */,
				14E26C534D0A921E66B8C02F /* Pods */,
				1BF1B7B1D80A538F44FAAC0D /* Frameworks */,
			);
			sourceTree = "<group>";
		};
		0EB852661F45C440008942C3 /* Products */ = {
			isa = PBXGroup;
			children = (
				0EB852651F45C440008942C3 /* LottieSample.app */,
				0EB852791F45C440008942C3 /* LottieSampleTests.xctest */,
			);
			name = Products;
			sourceTree = "<group>";
		};
		0EB852671F45C440008942C3 /* LottieSample */ = {
			isa = PBXGroup;
			children = (
				0EB852681F45C440008942C3 /* AppDelegate.swift */,
				0EB8526A1F45C440008942C3 /* ViewController.swift */,
				0EB8526C1F45C440008942C3 /* Main.storyboard */,
				0EB8526F1F45C440008942C3 /* Assets.xcassets */,
				0EB852711F45C440008942C3 /* LaunchScreen.storyboard */,
				0EB852741F45C440008942C3 /* Info.plist */,
				0EB852891F45C56F008942C3 /* Animation.json */,
				0EB852881F45C4D6008942C3 /* LottieSample-Bridging-Header.h */,
			);
			path = LottieSample;
			sourceTree = "<group>";
		};
		0EB8527C1F45C440008942C3 /* LottieSampleTests */ = {
			isa = PBXGroup;
			children = (
				0EB8527D1F45C440008942C3 /* LottieSampleTests.swift */,
				0EB8527F1F45C440008942C3 /* Info.plist */,
			);
			path = LottieSampleTests;
			sourceTree = "<group>";
		};
		14E26C534D0A921E66B8C02F /* Pods */ = {
			isa = PBXGroup;
			children = (
				3ACAA6E4069650D75E558452 /* Pods-LottieSample.debug.xcconfig */,
				B92BFD4B6420D8880D1E2DD1 /* Pods-LottieSample.release.xcconfig */,
				088D7590DC14BCA6D9420208 /* Pods-LottieSampleTests.debug.xcconfig */,
				D8562E82CBF744FB0BDAB3A9 /* Pods-LottieSampleTests.release.xcconfig */,
			);
			name = Pods;
			sourceTree = "<group>";
		};
		1BF1B7B1D80A538F44FAAC0D /* Frameworks */ = {
			isa = PBXGroup;
			children = (
				26D54A43FEDA97C441C2D3E8 /* Pods_LottieSample.framework */,
				123EE1D568BF51B4D19A4F36 /* Pods_LottieSampleTests.framework */,
			);
			name = Frameworks;
			sourceTree = "<group>";
		};
/* End PBXGroup section */

/* Begin PBXNativeTarget section */
		0EB852641F45C440008942C3 /* LottieSample */ = {
			isa = PBXNativeTarget;
			buildConfigurationList = 0EB852821F45C440008942C3 /* Build configuration list for PBXNativeTarget "LottieSample" */;
			buildPhases = (
				731577AA1B147D66975DE6C4 /* [CP] Check Pods Manifest.lock */,
				0EB852611F45C440008942C3 /* Sources */,
				0EB852621F45C440008942C3 /* Frameworks */,
				0EB852631F45C440008942C3 /* Resources */,
				036A76AB848B7F4CAF6D63C8 /* [CP] Embed Pods Frameworks */,
				B9AA142F5BC73302C67C5EB5 /* [CP] Copy Pods Resources */,
			);
			buildRules = (
			);
			dependencies = (
			);
			name = LottieSample;
			productName = LottieSample;
			productReference = 0EB852651F45C440008942C3 /* LottieSample.app */;
			productType = "com.apple.product-type.application";
		};
		0EB852781F45C440008942C3 /* LottieSampleTests */ = {
			isa = PBXNativeTarget;
			buildConfigurationList = 0EB852851F45C440008942C3 /* Build configuration list for PBXNativeTarget "LottieSampleTests" */;
			buildPhases = (
				9BCCAD64EBA506FC274C0A69 /* [CP] Check Pods Manifest.lock */,
				0EB852751F45C440008942C3 /* Sources */,
				0EB852761F45C440008942C3 /* Frameworks */,
				0EB852771F45C440008942C3 /* Resources */,
				8DAA7F2AB39B73FC3C8A6DC3 /* [CP] Embed Pods Frameworks */,
				DEC3BC622CE9C50A2CEEA424 /* [CP] Copy Pods Resources */,
			);
			buildRules = (
			);
			dependencies = (
				0EB8527B1F45C440008942C3 /* PBXTargetDependency */,
			);
			name = LottieSampleTests;
			productName = LottieSampleTests;
			productReference = 0EB852791F45C440008942C3 /* LottieSampleTests.xctest */;
			productType = "com.apple.product-type.bundle.unit-test";
		};
/* End PBXNativeTarget section */

/* Begin PBXProject section */
		0EB8525D1F45C440008942C3 /* Project object */ = {
			isa = PBXProject;
			attributes = {
				LastSwiftUpdateCheck = 0830;
				LastUpgradeCheck = 0830;
				ORGANIZATIONNAME = "Shuichi Nagao";
				TargetAttributes = {
					0EB852641F45C440008942C3 = {
						CreatedOnToolsVersion = 8.3.3;
						DevelopmentTeam = NAJPYUJBUB;
						ProvisioningStyle = Automatic;
					};
					0EB852781F45C440008942C3 = {
						CreatedOnToolsVersion = 8.3.3;
						DevelopmentTeam = NAJPYUJBUB;
						ProvisioningStyle = Automatic;
						TestTargetID = 0EB852641F45C440008942C3;
					};
				};
			};
			buildConfigurationList = 0EB852601F45C440008942C3 /* Build configuration list for PBXProject "LottieSample" */;
			compatibilityVersion = "Xcode 3.2";
			developmentRegion = English;
			hasScannedForEncodings = 0;
			knownRegions = (
				en,
				Base,
			);
			mainGroup = 0EB8525C1F45C440008942C3;
			productRefGroup = 0EB852661F45C440008942C3 /* Products */;
			projectDirPath = "";
			projectRoot = "";
			targets = (
				0EB852641F45C440008942C3 /* LottieSample */,
				0EB852781F45C440008942C3 /* LottieSampleTests */,
			);
		};
/* End PBXProject section */

/* Begin PBXResourcesBuildPhase section */
		0EB852631F45C440008942C3 /* Resources */ = {
			isa = PBXResourcesBuildPhase;
			buildActionMask = 2147483647;
			files = (
				0EB852731F45C440008942C3 /* LaunchScreen.storyboard in Resources */,
				0EB852701F45C440008942C3 /* Assets.xcassets in Resources */,
				0EB8528A1F45C56F008942C3 /* Animation.json in Resources */,
				0EB8526E1F45C440008942C3 /* Main.storyboard in Resources */,
			);
			runOnlyForDeploymentPostprocessing = 0;
		};
		0EB852771F45C440008942C3 /* Resources */ = {
			isa = PBXResourcesBuildPhase;
			buildActionMask = 2147483647;
			files = (
			);
			runOnlyForDeploymentPostprocessing = 0;
		};
/* End PBXResourcesBuildPhase section */

/* Begin PBXShellScriptBuildPhase section */
		036A76AB848B7F4CAF6D63C8 /* [CP] Embed Pods Frameworks */ = {
			isa = PBXShellScriptBuildPhase;
			buildActionMask = 2147483647;
			files = (
			);
			inputPaths = (
				"${SRCROOT}/Pods/Target Support Files/Pods-LottieSample/Pods-LottieSample-frameworks.sh",
				"${BUILT_PRODUCTS_DIR}/lottie-ios/Lottie.framework",
			);
			name = "[CP] Embed Pods Frameworks";
			outputPaths = (
				"${TARGET_BUILD_DIR}/${FRAMEWORKS_FOLDER_PATH}/Lottie.framework",
			);
			runOnlyForDeploymentPostprocessing = 0;
			shellPath = /bin/sh;
			shellScript = "\"${SRCROOT}/Pods/Target Support Files/Pods-LottieSample/Pods-LottieSample-frameworks.sh\"\n";
			showEnvVarsInLog = 0;
		};
		731577AA1B147D66975DE6C4 /* [CP] Check Pods Manifest.lock */ = {
			isa = PBXShellScriptBuildPhase;
			buildActionMask = 2147483647;
			files = (
			);
			inputPaths = (
				"${PODS_PODFILE_DIR_PATH}/Podfile.lock",
				"${PODS_ROOT}/Manifest.lock",
			);
			name = "[CP] Check Pods Manifest.lock";
			outputPaths = (
				"$(DERIVED_FILE_DIR)/Pods-LottieSample-checkManifestLockResult.txt",
			);
			runOnlyForDeploymentPostprocessing = 0;
			shellPath = /bin/sh;
			shellScript = "diff \"${PODS_PODFILE_DIR_PATH}/Podfile.lock\" \"${PODS_ROOT}/Manifest.lock\" > /dev/null\nif [ $? != 0 ] ; then\n    # print error to STDERR\n    echo \"error: The sandbox is not in sync with the Podfile.lock. Run 'pod install' or update your CocoaPods installation.\" >&2\n    exit 1\nfi\n# This output is used by Xcode 'outputs' to avoid re-running this script phase.\necho \"SUCCESS\" > \"${SCRIPT_OUTPUT_FILE_0}\"\n";
			showEnvVarsInLog = 0;
		};
		8DAA7F2AB39B73FC3C8A6DC3 /* [CP] Embed Pods Frameworks */ = {
			isa = PBXShellScriptBuildPhase;
			buildActionMask = 2147483647;
			files = (
			);
			inputPaths = (
			);
			name = "[CP] Embed Pods Frameworks";
			outputPaths = (
			);
			runOnlyForDeploymentPostprocessing = 0;
			shellPath = /bin/sh;
			shellScript = "\"${SRCROOT}/Pods/Target Support Files/Pods-LottieSampleTests/Pods-LottieSampleTests-frameworks.sh\"\n";
			showEnvVarsInLog = 0;
		};
		9BCCAD64EBA506FC274C0A69 /* [CP] Check Pods Manifest.lock */ = {
			isa = PBXShellScriptBuildPhase;
			buildActionMask = 2147483647;
			files = (
			);
			inputPaths = (
				"${PODS_PODFILE_DIR_PATH}/Podfile.lock",
				"${PODS_ROOT}/Manifest.lock",
			);
			name = "[CP] Check Pods Manifest.lock";
			outputPaths = (
				"$(DERIVED_FILE_DIR)/Pods-LottieSampleTests-checkManifestLockResult.txt",
			);
			runOnlyForDeploymentPostprocessing = 0;
			shellPath = /bin/sh;
			shellScript = "diff \"${PODS_PODFILE_DIR_PATH}/Podfile.lock\" \"${PODS_ROOT}/Manifest.lock\" > /dev/null\nif [ $? != 0 ] ; then\n    # print error to STDERR\n    echo \"error: The sandbox is not in sync with the Podfile.lock. Run 'pod install' or update your CocoaPods installation.\" >&2\n    exit 1\nfi\n# This output is used by Xcode 'outputs' to avoid re-running this script phase.\necho \"SUCCESS\" > \"${SCRIPT_OUTPUT_FILE_0}\"\n";
			showEnvVarsInLog = 0;
		};
		B9AA142F5BC73302C67C5EB5 /* [CP] Copy Pods Resources */ = {
			isa = PBXShellScriptBuildPhase;
			buildActionMask = 2147483647;
			files = (
			);
			inputPaths = (
			);
			name = "[CP] Copy Pods Resources";
			outputPaths = (
			);
			runOnlyForDeploymentPostprocessing = 0;
			shellPath = /bin/sh;
			shellScript = "\"${SRCROOT}/Pods/Target Support Files/Pods-LottieSample/Pods-LottieSample-resources.sh\"\n";
			showEnvVarsInLog = 0;
		};
		DEC3BC622CE9C50A2CEEA424 /* [CP] Copy Pods Resources */ = {
			isa = PBXShellScriptBuildPhase;
			buildActionMask = 2147483647;
			files = (
			);
			inputPaths = (
			);
			name = "[CP] Copy Pods Resources";
			outputPaths = (
			);
			runOnlyForDeploymentPostprocessing = 0;
			shellPath = /bin/sh;
			shellScript = "\"${SRCROOT}/Pods/Target Support Files/Pods-LottieSampleTests/Pods-LottieSampleTests-resources.sh\"\n";
			showEnvVarsInLog = 0;
		};
/* End PBXShellScriptBuildPhase section */

/* Begin PBXSourcesBuildPhase section */
		0EB852611F45C440008942C3 /* Sources */ = {
			isa = PBXSourcesBuildPhase;
			buildActionMask = 2147483647;
			files = (
				0EB8526B1F45C440008942C3 /* ViewController.swift in Sources */,
				0EB852691F45C440008942C3 /* AppDelegate.swift in Sources */,
			);
			runOnlyForDeploymentPostprocessing = 0;
		};
		0EB852751F45C440008942C3 /* Sources */ = {
			isa = PBXSourcesBuildPhase;
			buildActionMask = 2147483647;
			files = (
				0EB8527E1F45C440008942C3 /* LottieSampleTests.swift in Sources */,
			);
			runOnlyForDeploymentPostprocessing = 0;
		};
/* End PBXSourcesBuildPhase section */

/* Begin PBXTargetDependency section */
		0EB8527B1F45C440008942C3 /* PBXTargetDependency */ = {
			isa = PBXTargetDependency;
			target = 0EB852641F45C440008942C3 /* LottieSample */;
			targetProxy = 0EB8527A1F45C440008942C3 /* PBXContainerItemProxy */;
		};
/* End PBXTargetDependency section */

/* Begin PBXVariantGroup section */
		0EB8526C1F45C440008942C3 /* Main.storyboard */ = {
			isa = PBXVariantGroup;
			children = (
				0EB8526D1F45C440008942C3 /* Base */,
			);
			name = Main.storyboard;
			sourceTree = "<group>";
		};
		0EB852711F45C440008942C3 /* LaunchScreen.storyboard */ = {
			isa = PBXVariantGroup;
			children = (
				0EB852721F45C440008942C3 /* Base */,
			);
			name = LaunchScreen.storyboard;
			sourceTree = "<group>";
		};
/* End PBXVariantGroup section */

/* Begin XCBuildConfiguration section */
		0EB852801F45C440008942C3 /* Debug */ = {
			isa = XCBuildConfiguration;
			buildSettings = {
				ALWAYS_SEARCH_USER_PATHS = NO;
				CLANG_ANALYZER_NONNULL = YES;
				CLANG_ANALYZER_NUMBER_OBJECT_CONVERSION = YES_AGGRESSIVE;
				CLANG_CXX_LANGUAGE_STANDARD = "gnu++0x";
				CLANG_CXX_LIBRARY = "libc++";
				CLANG_ENABLE_MODULES = YES;
				CLANG_ENABLE_OBJC_ARC = YES;
				CLANG_WARN_BOOL_CONVERSION = YES;
				CLANG_WARN_CONSTANT_CONVERSION = YES;
				CLANG_WARN_DIRECT_OBJC_ISA_USAGE = YES_ERROR;
				CLANG_WARN_DOCUMENTATION_COMMENTS = YES;
				CLANG_WARN_EMPTY_BODY = YES;
				CLANG_WARN_ENUM_CONVERSION = YES;
				CLANG_WARN_INFINITE_RECURSION = YES;
				CLANG_WARN_INT_CONVERSION = YES;
				CLANG_WARN_OBJC_ROOT_CLASS = YES_ERROR;
				CLANG_WARN_SUSPICIOUS_MOVE = YES;
				CLANG_WARN_UNREACHABLE_CODE = YES;
				CLANG_WARN__DUPLICATE_METHOD_MATCH = YES;
				"CODE_SIGN_IDENTITY[sdk=iphoneos*]" = "iPhone Developer";
				COPY_PHASE_STRIP = NO;
				DEBUG_INFORMATION_FORMAT = dwarf;
				ENABLE_STRICT_OBJC_MSGSEND = YES;
				ENABLE_TESTABILITY = YES;
				GCC_C_LANGUAGE_STANDARD = gnu99;
				GCC_DYNAMIC_NO_PIC = NO;
				GCC_NO_COMMON_BLOCKS = YES;
				GCC_OPTIMIZATION_LEVEL = 0;
				GCC_PREPROCESSOR_DEFINITIONS = (
					"DEBUG=1",
					"$(inherited)",
				);
				GCC_WARN_64_TO_32_BIT_CONVERSION = YES;
				GCC_WARN_ABOUT_RETURN_TYPE = YES_ERROR;
				GCC_WARN_UNDECLARED_SELECTOR = YES;
				GCC_WARN_UNINITIALIZED_AUTOS = YES_AGGRESSIVE;
				GCC_WARN_UNUSED_FUNCTION = YES;
				GCC_WARN_UNUSED_VARIABLE = YES;
				IPHONEOS_DEPLOYMENT_TARGET = 10.3;
				MTL_ENABLE_DEBUG_INFO = YES;
				ONLY_ACTIVE_ARCH = YES;
				SDKROOT = iphoneos;
				SWIFT_ACTIVE_COMPILATION_CONDITIONS = DEBUG;
				SWIFT_OPTIMIZATION_LEVEL = "-Onone";
				TARGETED_DEVICE_FAMILY = "1,2";
			};
			name = Debug;
		};
		0EB852811F45C440008942C3 /* Release */ = {
			isa = XCBuildConfiguration;
			buildSettings = {
				ALWAYS_SEARCH_USER_PATHS = NO;
				CLANG_ANALYZER_NONNULL = YES;
				CLANG_ANALYZER_NUMBER_OBJECT_CONVERSION = YES_AGGRESSIVE;
				CLANG_CXX_LANGUAGE_STANDARD = "gnu++0x";
				CLANG_CXX_LIBRARY = "libc++";
				CLANG_ENABLE_MODULES = YES;
				CLANG_ENABLE_OBJC_ARC = YES;
				CLANG_WARN_BOOL_CONVERSION = YES;
				CLANG_WARN_CONSTANT_CONVERSION = YES;
				CLANG_WARN_DIRECT_OBJC_ISA_USAGE = YES_ERROR;
				CLANG_WARN_DOCUMENTATION_COMMENTS = YES;
				CLANG_WARN_EMPTY_BODY = YES;
				CLANG_WARN_ENUM_CONVERSION = YES;
				CLANG_WARN_INFINITE_RECURSION = YES;
				CLANG_WARN_INT_CONVERSION = YES;
				CLANG_WARN_OBJC_ROOT_CLASS = YES_ERROR;
				CLANG_WARN_SUSPICIOUS_MOVE = YES;
				CLANG_WARN_UNREACHABLE_CODE = YES;
				CLANG_WARN__DUPLICATE_METHOD_MATCH = YES;
				"CODE_SIGN_IDENTITY[sdk=iphoneos*]" = "iPhone Developer";
				COPY_PHASE_STRIP = NO;
				DEBUG_INFORMATION_FORMAT = "dwarf-with-dsym";
				ENABLE_NS_ASSERTIONS = NO;
				ENABLE_STRICT_OBJC_MSGSEND = YES;
				GCC_C_LANGUAGE_STANDARD = gnu99;
				GCC_NO_COMMON_BLOCKS = YES;
				GCC_WARN_64_TO_32_BIT_CONVERSION = YES;
				GCC_WARN_ABOUT_RETURN_TYPE = YES_ERROR;
				GCC_WARN_UNDECLARED_SELECTOR = YES;
				GCC_WARN_UNINITIALIZED_AUTOS = YES_AGGRESSIVE;
				GCC_WARN_UNUSED_FUNCTION = YES;
				GCC_WARN_UNUSED_VARIABLE = YES;
				IPHONEOS_DEPLOYMENT_TARGET = 10.3;
				MTL_ENABLE_DEBUG_INFO = NO;
				SDKROOT = iphoneos;
				SWIFT_OPTIMIZATION_LEVEL = "-Owholemodule";
				TARGETED_DEVICE_FAMILY = "1,2";
				VALIDATE_PRODUCT = YES;
			};
			name = Release;
		};
		0EB852831F45C440008942C3 /* Debug */ = {
			isa = XCBuildConfiguration;
			baseConfigurationReference = 3ACAA6E4069650D75E558452 /* Pods-LottieSample.debug.xcconfig */;
			buildSettings = {
				ASSETCATALOG_COMPILER_APPICON_NAME = AppIcon;
				DEVELOPMENT_TEAM = NAJPYUJBUB;
				INFOPLIST_FILE = LottieSample/Info.plist;
				LD_RUNPATH_SEARCH_PATHS = "$(inherited) @executable_path/Frameworks";
				PRODUCT_BUNDLE_IDENTIFIER = tech.shuichi.LottieSample;
				PRODUCT_NAME = "$(TARGET_NAME)";
				SWIFT_OBJC_BRIDGING_HEADER = "$(SRCROOT)/$(PROJECT)/LottieSample-Bridging-Header.h";
				SWIFT_VERSION = 3.0;
			};
			name = Debug;
		};
		0EB852841F45C440008942C3 /* Release */ = {
			isa = XCBuildConfiguration;
			baseConfigurationReference = B92BFD4B6420D8880D1E2DD1 /* Pods-LottieSample.release.xcconfig */;
			buildSettings = {
				ASSETCATALOG_COMPILER_APPICON_NAME = AppIcon;
				DEVELOPMENT_TEAM = NAJPYUJBUB;
				INFOPLIST_FILE = LottieSample/Info.plist;
				LD_RUNPATH_SEARCH_PATHS = "$(inherited) @executable_path/Frameworks";
				PRODUCT_BUNDLE_IDENTIFIER = tech.shuichi.LottieSample;
				PRODUCT_NAME = "$(TARGET_NAME)";
				SWIFT_OBJC_BRIDGING_HEADER = "$(SRCROOT)/$(PROJECT)/LottieSample-Bridging-Header.h";
				SWIFT_VERSION = 3.0;
			};
			name = Release;
		};
		0EB852861F45C440008942C3 /* Debug */ = {
			isa = XCBuildConfiguration;
			baseConfigurationReference = 088D7590DC14BCA6D9420208 /* Pods-LottieSampleTests.debug.xcconfig */;
			buildSettings = {
				ALWAYS_EMBED_SWIFT_STANDARD_LIBRARIES = YES;
				BUNDLE_LOADER = "$(TEST_HOST)";
				DEVELOPMENT_TEAM = NAJPYUJBUB;
				INFOPLIST_FILE = LottieSampleTests/Info.plist;
				LD_RUNPATH_SEARCH_PATHS = "$(inherited) @executable_path/Frameworks @loader_path/Frameworks";
				PRODUCT_BUNDLE_IDENTIFIER = tech.shuichi.LottieSampleTests;
				PRODUCT_NAME = "$(TARGET_NAME)";
				SWIFT_VERSION = 3.0;
				TEST_HOST = "$(BUILT_PRODUCTS_DIR)/LottieSample.app/LottieSample";
			};
			name = Debug;
		};
		0EB852871F45C440008942C3 /* Release */ = {
			isa = XCBuildConfiguration;
			baseConfigurationReference = D8562E82CBF744FB0BDAB3A9 /* Pods-LottieSampleTests.release.xcconfig */;
			buildSettings = {
				ALWAYS_EMBED_SWIFT_STANDARD_LIBRARIES = YES;
				BUNDLE_LOADER = "$(TEST_HOST)";
				DEVELOPMENT_TEAM = NAJPYUJBUB;
				INFOPLIST_FILE = LottieSampleTests/Info.plist;
				LD_RUNPATH_SEARCH_PATHS = "$(inherited) @executable_path/Frameworks @loader_path/Frameworks";
				PRODUCT_BUNDLE_IDENTIFIER = tech.shuichi.LottieSampleTests;
				PRODUCT_NAME = "$(TARGET_NAME)";
				SWIFT_VERSION = 3.0;
				TEST_HOST = "$(BUILT_PRODUCTS_DIR)/LottieSample.app/LottieSample";
			};
			name = Release;
		};
/* End XCBuildConfiguration section */

/* Begin XCConfigurationList section */
		0EB852601F45C440008942C3 /* Build configuration list for PBXProject "LottieSample" */ = {
			isa = XCConfigurationList;
			buildConfigurations = (
				0EB852801F45C440008942C3 /* Debug */,
				0EB852811F45C440008942C3 /* Release */,
			);
			defaultConfigurationIsVisible = 0;
			defaultConfigurationName = Release;
		};
		0EB852821F45C440008942C3 /* Build configuration list for PBXNativeTarget "LottieSample" */ = {
			isa = XCConfigurationList;
			buildConfigurations = (
				0EB852831F45C440008942C3 /* Debug */,
				0EB852841F45C440008942C3 /* Release */,
			);
			defaultConfigurationIsVisible = 0;
			defaultConfigurationName = Release;
		};
		0EB852851F45C440008942C3 /* Build configuration list for PBXNativeTarget "LottieSampleTests" */ = {
			isa = XCConfigurationList;
			buildConfigurations = (
				0EB852861F45C440008942C3 /* Debug */,
				0EB852871F45C440008942C3 /* Release */,
			);
			defaultConfigurationIsVisible = 0;
			defaultConfigurationName = Release;
		};
/* End XCConfigurationList section */
	};
	rootObject = 0EB8525D1F45C440008942C3 /* Project object */;
}
